
Microsoft Visual Studio Solution File, Format Version 12.00
# Visual Studio Version 17
VisualStudioVersion = 17.8.34330.188
MinimumVisualStudioVersion = 10.0.40219.1
Project("{FAE04EC0-301F-11D3-BF4B-00C04F79EFBC}") = "WebApplication1", "WebApplication1\WebApplication1.csproj", "{A33EF6BE-F83A-4E98-AB68-42780AAAFB23}"
EndProject
Global
	GlobalSection(SolutionConfigurationPlatforms) = preSolution
		Debug|Any CPU = Debug|Any CPU
		Release|Any CPU = Release|Any CPU
	EndGlobalSection
	GlobalSection(ProjectConfigurationPlatforms) = postSolution
		{A33EF6BE-F83A-4E98-AB68-42780AAAFB23}.Debug|Any CPU.ActiveCfg = Debug|Any CPU
		{A33EF6BE-F83A-4E98-AB68-42780AAAFB23}.Debug|Any CPU.Build.0 = Debug|Any CPU
		{A33EF6BE-F83A-4E98-AB68-42780AAAFB23}.Release|Any CPU.ActiveCfg = Release|Any CPU
		{A33EF6BE-F83A-4E98-AB68-42780AAAFB23}.Release|Any CPU.Build.0 = Release|Any CPU
	EndGlobalSection
	GlobalSection(SolutionProperties) = preSolution
		HideSolutionNode = FALSE
	EndGlobalSection
	GlobalSection(ExtensibilityGlobals) = postSolution
		SolutionGuid = {A60F44CA-0F05-4AC2-81D2-E80F67F2455E}
	EndGlobalSection
EndGlobal
